# This file is automatically @generated by Poetry 1.8.5 and should not be changed by hand.

[[package]]
name = "invoke"
version = "2.2.0"
description = "Pythonic task execution"
optional = false
python-versions = ">=3.6"
files = [
    {file = "invoke-2.2.0-py3-none-any.whl", hash = "sha256:6ea924cc53d4f78e3d98bc436b08069a03077e6f85ad1ddaa8a116d7dad15820"},
    {file = "invoke-2.2.0.tar.gz", hash = "sha256:ee6cbb101af1a859c7fe84f2a264c059020b0cb7fe3535f9424300ab568f6bd5"},
]

[[package]]
name = "pyparted"
version = "3.13.0"
description = "Python bindings for GNU parted"
optional = false
python-versions = "*"
files = [
    {file = "pyparted-3.13.0.tar.gz", hash = "sha256:443b59eb9ac63b8ca87094e02376646e172c7ea075f955f105889ca3485b06fd"},
]

[[package]]
name = "pyudev"
version = "0.24.3"
description = "A libudev binding"
optional = false
python-versions = ">=3.7"
files = [
    {file = "pyudev-0.24.3-py3-none-any.whl", hash = "sha256:e8246f0a014fe370119ba2bc781bfbe62c0298d0d6b39c94e83102a8a3f56960"},
    {file = "pyudev-0.24.3.tar.gz", hash = "sha256:2e945427a21674893bb97632401db62139d91cea1ee96137cc7b07ad22198fc7"},
]

[metadata]
lock-version = "2.0"
python-versions = "^3.13"
content-hash = "ec9533460b8d3cd2e1abf78ff3dc04d8cad0054ebf885a13afa270b22c22b231"
